
Microsoft Visual Studio Solution File, Format Version 12.00
# Visual Studio 14
VisualStudioVersion = 14.0.25420.1
MinimumVisualStudioVersion = 10.0.40219.1
Project("{8BC9CEB8-8B4A-11D0-8D11-00A0C91BC942}") = "ECore", "ECore\ECore.vcxproj", "{C4BA35A0-1A26-4594-AEC5-6C857DA58C81}"
EndProject
Project("{8BC9CEB8-8B4A-11D0-8D11-00A0C91BC942}") = "EEngine", "EEngine\EEngine.vcxproj", "{9BD92E5D-955B-462D-8D3B-6123CC3E969B}"
EndProject
Project("{8BC9CEB8-8B4A-11D0-8D11-00A0C91BC942}") = "EGame", "EGame\EGame.vcxproj", "{5C754C93-EFC6-4946-8E62-7D44C7733F13}"
EndProject
Global
	GlobalSection(SolutionConfigurationPlatforms) = preSolution
		Debug|x64 = Debug|x64
		Debug|x86 = Debug|x86
		Release|x64 = Release|x64
		Release|x86 = Release|x86
	EndGlobalSection
	GlobalSection(ProjectConfigurationPlatforms) = postSolution
		{C4BA35A0-1A26-4594-AEC5-6C857DA58C81}.Debug|x64.ActiveCfg = Debug|x64
		{C4BA35A0-1A26-4594-AEC5-6C857DA58C81}.Debug|x64.Build.0 = Debug|x64
		{C4BA35A0-1A26-4594-AEC5-6C857DA58C81}.Debug|x86.ActiveCfg = Debug|Win32
		{C4BA35A0-1A26-4594-AEC5-6C857DA58C81}.Debug|x86.Build.0 = Debug|Win32
		{C4BA35A0-1A26-4594-AEC5-6C857DA58C81}.Release|x64.ActiveCfg = Release|x64
		{C4BA35A0-1A26-4594-AEC5-6C857DA58C81}.Release|x64.Build.0 = Release|x64
		{C4BA35A0-1A26-4594-AEC5-6C857DA58C81}.Release|x86.ActiveCfg = Release|Win32
		{C4BA35A0-1A26-4594-AEC5-6C857DA58C81}.Release|x86.Build.0 = Release|Win32
		{9BD92E5D-955B-462D-8D3B-6123CC3E969B}.Debug|x64.ActiveCfg = Debug|x64
		{9BD92E5D-955B-462D-8D3B-6123CC3E969B}.Debug|x64.Build.0 = Debug|x64
		{9BD92E5D-955B-462D-8D3B-6123CC3E969B}.Debug|x86.ActiveCfg = Debug|Win32
		{9BD92E5D-955B-462D-8D3B-6123CC3E969B}.Debug|x86.Build.0 = Debug|Win32
		{9BD92E5D-955B-462D-8D3B-6123CC3E969B}.Release|x64.ActiveCfg = Release|x64
		{9BD92E5D-955B-462D-8D3B-6123CC3E969B}.Release|x64.Build.0 = Release|x64
		{9BD92E5D-955B-462D-8D3B-6123CC3E969B}.Release|x86.ActiveCfg = Release|Win32
		{9BD92E5D-955B-462D-8D3B-6123CC3E969B}.Release|x86.Build.0 = Release|Win32
		{5C754C93-EFC6-4946-8E62-7D44C7733F13}.Debug|x64.ActiveCfg = Debug|x64
		{5C754C93-EFC6-4946-8E62-7D44C7733F13}.Debug|x64.Build.0 = Debug|x64
		{5C754C93-EFC6-4946-8E62-7D44C7733F13}.Debug|x86.ActiveCfg = Debug|Win32
		{5C754C93-EFC6-4946-8E62-7D44C7733F13}.Debug|x86.Build.0 = Debug|Win32
		{5C754C93-EFC6-4946-8E62-7D44C7733F13}.Release|x64.ActiveCfg = Release|x64
		{5C754C93-EFC6-4946-8E62-7D44C7733F13}.Release|x64.Build.0 = Release|x64
		{5C754C93-EFC6-4946-8E62-7D44C7733F13}.Release|x86.ActiveCfg = Release|Win32
		{5C754C93-EFC6-4946-8E62-7D44C7733F13}.Release|x86.Build.0 = Release|Win32
	EndGlobalSection
	GlobalSection(SolutionProperties) = preSolution
		HideSolutionNode = FALSE
	EndGlobalSection
EndGlobal
